
Microsoft Visual Studio Solution File, Format Version 12.00
# Visual Studio Version 16
VisualStudioVersion = 16.0.31410.357
MinimumVisualStudioVersion = 10.0.40219.1
Project("{FAE04EC0-301F-11D3-BF4B-00C04F79EFBC}") = "CSharpOnline", "CSharpOnline.csproj", "{E0CA2873-E8C4-4EB0-8706-FC3795E7055E}"
EndProject
Global
	GlobalSection(SolutionConfigurationPlatforms) = preSolution
		Debug|Any CPU = Debug|Any CPU
		Release|Any CPU = Release|Any CPU
	EndGlobalSection
	GlobalSection(ProjectConfigurationPlatforms) = postSolution
		{E0CA2873-E8C4-4EB0-8706-FC3795E7055E}.Debug|Any CPU.ActiveCfg = Debug|Any CPU
		{E0CA2873-E8C4-4EB0-8706-FC3795E7055E}.Debug|Any CPU.Build.0 = Debug|Any CPU
		{E0CA2873-E8C4-4EB0-8706-FC3795E7055E}.Release|Any CPU.ActiveCfg = Release|Any CPU
		{E0CA2873-E8C4-4EB0-8706-FC3795E7055E}.Release|Any CPU.Build.0 = Release|Any CPU
	EndGlobalSection
	GlobalSection(SolutionProperties) = preSolution
		HideSolutionNode = FALSE
	EndGlobalSection
	GlobalSection(ExtensibilityGlobals) = postSolution
		SolutionGuid = {5C238864-C8CE-456A-8839-49129E67B7CD}
	EndGlobalSection
EndGlobal
